# THIS IS AN AUTOGENERATED FILE. DO NOT EDIT THIS FILE DIRECTLY.
# yarn lockfile v1


"@fortawesome/fontawesome-free@^5.7.2":
  version "5.15.4"
  resolved "https://registry.yarnpkg.com/@fortawesome/fontawesome-free/-/fontawesome-free-5.15.4.tgz#ecda5712b61ac852c760d8b3c79c96adca5554e5"
  integrity sha512-eYm8vijH/hpzr/6/1CJ/V/Eb1xQFW2nnUKArb3z+yUWv7HTwj6M7SP957oMjfZjAHU6qpoNc2wQvIxBLWYa/Jg==

bootstrap-colorpicker@^3.0.3:
  version "3.4.0"
  resolved "https://registry.yarnpkg.com/bootstrap-colorpicker/-/bootstrap-colorpicker-3.4.0.tgz#3d1873071542755a9b31cf5b314f771e2fcc7727"
  integrity sha512-7vA0hvLrat3ptobEKlT9+6amzBUJcDAoh6hJRQY/AD+5dVZYXXf1ivRfrTwmuwiVLJo9rZwM8YB4lYzp6agzqg==
  dependencies:
    bootstrap ">=4.0"
    jquery ">=2.2"
    popper.js ">=1.10"

bootstrap-datepicker@1.9.0:
  version "1.9.0"
  resolved "https://registry.yarnpkg.com/bootstrap-datepicker/-/bootstrap-datepicker-1.9.0.tgz#e4bfce3fcce1967876b21dc6833ec5994aaed090"
  integrity sha512-9rYYbaVOheGYxjOr/+bJCmRPihfy+LkLSg4fIFMT9Od8WwWB/MB50w0JO1eBgKUMbb7PFHQD5uAfI3ArAxZRXA==
  dependencies:
    jquery ">=1.7.1 <4.0.0"

bootstrap-daterangepicker@^3.0.3:
  version "3.1.0"
  resolved "https://registry.yarnpkg.com/bootstrap-daterangepicker/-/bootstrap-daterangepicker-3.1.0.tgz#632e6fb2de4b6360c5c0a9d5f6adb9aace051fe8"
  integrity sha512-oaQZx6ZBDo/dZNyXGVi2rx5GmFXThyQLAxdtIqjtLlYVaQUfQALl5JZMJJZzyDIX7blfy4ppZPAJ10g8Ma4d/g==
  dependencies:
    jquery ">=1.10"
    moment "^2.9.0"

bootstrap-social@^5.1.1:
  version "5.1.1"
  resolved "https://registry.yarnpkg.com/bootstrap-social/-/bootstrap-social-5.1.1.tgz#7530c678adf56cf8fad3fa82c29d4d3e5d027501"
  integrity sha512-26/oT2rVCyyj7QmbrAwR/L3lHZNDWUdlpjh6a+tnBtB75UnEBEx5btwi7aX505w8pTXvkil8vt0faRGSa5NOdQ==
  dependencies:
    bootstrap "~3"
    font-awesome "~4.7"

bootstrap-tagsinput@^0.7.1:
  version "0.7.1"
  resolved "https://registry.yarnpkg.com/bootstrap-tagsinput/-/bootstrap-tagsinput-0.7.1.tgz#ffe3b06bbe2a106945ef2814568005a94f211937"
  integrity sha512-xSks67GWgXLnmO5gqp788vhh7WoXd9mHj5uKE5zg8rvw3sNYYSCjrSlrPRlPdpYKwmuxeuf2jsNjBSWEucyB1w==

bootstrap-timepicker@^0.5.2:
  version "0.5.2"
  resolved "https://registry.yarnpkg.com/bootstrap-timepicker/-/bootstrap-timepicker-0.5.2.tgz#10ed9f2a2f0b8ccaefcde0fcf6a0738b919a3835"
  integrity sha512-ZUEEu2H6hz/6N8Myi0KGxyqZ5+SmNbPKLgD/2s4dQcK/MrUw/1b9OmK46dSLVwKEARTWITCWz6QRZAJs5YeRBA==

bootstrap@>=4.0:
  version "5.1.3"
  resolved "https://registry.yarnpkg.com/bootstrap/-/bootstrap-5.1.3.tgz#ba081b0c130f810fa70900acbc1c6d3c28fa8f34"
  integrity sha512-fcQztozJ8jToQWXxVuEyXWW+dSo8AiXWKwiSSrKWsRB/Qt+Ewwza+JWoLKiTuQLaEPhdNAJ7+Dosc9DOIqNy7Q==

bootstrap@^4.2.1:
  version "4.6.1"
  resolved "https://registry.yarnpkg.com/bootstrap/-/bootstrap-4.6.1.tgz#bc25380c2c14192374e8dec07cf01b2742d222a2"
  integrity sha512-0dj+VgI9Ecom+rvvpNZ4MUZJz8dcX7WCX+eTID9+/8HgOkv3dsRzi8BGeZJCQU6flWQVYxwTQnEZFrmJSEO7og==

bootstrap@~3:
  version "3.4.1"
  resolved "https://registry.yarnpkg.com/bootstrap/-/bootstrap-3.4.1.tgz#c3a347d419e289ad11f4033e3c4132b87c081d72"
  integrity sha512-yN5oZVmRCwe5aKwzRj6736nSmKDX7pLYwsXiCj/EYmo16hODaBiT4En5btW/jhBF/seV+XMx3aYwukYC3A49DA==

chart.js@^2.7.3:
  version "2.9.4"
  resolved "https://registry.yarnpkg.com/chart.js/-/chart.js-2.9.4.tgz#0827f9563faffb2dc5c06562f8eb10337d5b9684"
  integrity sha512-B07aAzxcrikjAPyV+01j7BmOpxtQETxTSlQ26BEYJ+3iUkbNKaOJ/nDbT6JjyqYxseM0ON12COHYdU2cTIjC7A==
  dependencies:
    chartjs-color "^2.1.0"
    moment "^2.10.2"

chartjs-color-string@^0.6.0:
  version "0.6.0"
  resolved "https://registry.yarnpkg.com/chartjs-color-string/-/chartjs-color-string-0.6.0.tgz#1df096621c0e70720a64f4135ea171d051402f71"
  integrity sha512-TIB5OKn1hPJvO7JcteW4WY/63v6KwEdt6udfnDE9iCAZgy+V4SrbSxoIbTw/xkUIapjEI4ExGtD0+6D3KyFd7A==
  dependencies:
    color-name "^1.0.0"

chartjs-color@^2.1.0:
  version "2.4.1"
  resolved "https://registry.yarnpkg.com/chartjs-color/-/chartjs-color-2.4.1.tgz#6118bba202fe1ea79dd7f7c0f9da93467296c3b0"
  integrity sha512-haqOg1+Yebys/Ts/9bLo/BqUcONQOdr/hoEr2LLTRl6C5LXctUdHxsCYfvQVg5JIxITrfCNUDr4ntqmQk9+/0w==
  dependencies:
    chartjs-color-string "^0.6.0"
    color-convert "^1.9.3"

color-convert@^1.9.3:
  version "1.9.3"
  resolved "https://registry.yarnpkg.com/color-convert/-/color-convert-1.9.3.tgz#bb71850690e1f136567de629d2d5471deda4c1e8"
  integrity sha512-QfAUtd+vFdAtFQcC8CCyYt1fYWxSqAiK2cSD6zDB8N3cpsEBAvRxp9zOGg6G/SHHJYAT88/az/IuDGALsNVbGg==
  dependencies:
    color-name "1.1.3"

color-name@1.1.3:
  version "1.1.3"
  resolved "https://registry.yarnpkg.com/color-name/-/color-name-1.1.3.tgz#a7d0558bd89c42f795dd42328f740831ca53bc25"
  integrity sha512-72fSenhMw2HZMTVHeCA9KCmpEIbzWiQsjN+BHcBbS9vr1mtt+vJjPdksIBNUmKAW8TFUDPJK5SUU3QhE9NEXDw==

color-name@^1.0.0:
  version "1.1.4"
  resolved "https://registry.yarnpkg.com/color-name/-/color-name-1.1.4.tgz#c2a09a87acbde69543de6f63fa3995c826c536a2"
  integrity sha512-dOy+3AuW3a2wNbZHIuMZpTcgjGuLU/uBL/ubcZF9OXbDo8ff4O8yVp5Bf0efS8uEoYo5q4Fx7dY9OgQGXgAsQA==

datatables.net-bs4@>=1.11.3:
  version "1.12.1"
  resolved "https://registry.yarnpkg.com/datatables.net-bs4/-/datatables.net-bs4-1.12.1.tgz#652e0701788109bf7c24170e643fe6f128cc8eca"
  integrity sha512-LBeC8zUNVYyQT7ytC2lYqyXDn+k2kYpqvijC83oOjlcnEtb/8Tduzgquox5FrNKUJPcUrj9r+h5B0TDBbob/Gg==
  dependencies:
    datatables.net ">=1.11.3"
    jquery ">=1.7"

datatables.net-responsive-bs4@^2.2.3:
  version "2.3.0"
  resolved "https://registry.yarnpkg.com/datatables.net-responsive-bs4/-/datatables.net-responsive-bs4-2.3.0.tgz#eafa015d38c2f5be23de0a873468597d96dc4030"
  integrity sha512-6ZeFeM6PHh3A5BodxUvHU1ipIrMYMbBcOgB3BfXMHxr4maS96RIQdTmXK3owJ5sy88dF68V8fjkquvybS7kwvw==
  dependencies:
    datatables.net-bs4 ">=1.11.3"
    datatables.net-responsive ">=2.2.9"
    jquery ">=1.7"

datatables.net-responsive@>=2.2.9:
  version "2.3.0"
  resolved "https://registry.yarnpkg.com/datatables.net-responsive/-/datatables.net-responsive-2.3.0.tgz#2b8d894af5456f8c8a320eeac5e837a24d84e033"
  integrity sha512-QA5QsD1sJQRQ7/IFi3rSd33O84f/Augz2KnaehjfuEANtK4KeC9Lbkut5tPuuMcK4jOpQPOOPYTbmfrt+tfh9w==
  dependencies:
    datatables.net ">=1.11.3"
    jquery ">=1.7"

datatables.net-select-bs4@^1.2.7:
  version "1.4.0"
  resolved "https://registry.yarnpkg.com/datatables.net-select-bs4/-/datatables.net-select-bs4-1.4.0.tgz#33fec99560f35e849fb62984b9f7d4e51a761d7e"
  integrity sha512-5DWRyKo+YwX+J8CHbvexbipam/7tqZXp0R/1Ayrk7e1YP3jPE0X0XybguxBspifgjD49uu3fDLYyjKFVwpif9Q==
  dependencies:
    datatables.net-bs4 ">=1.11.3"
    datatables.net-select ">=1.3.3"
    jquery ">=1.7"

datatables.net-select@>=1.3.3:
  version "1.4.0"
  resolved "https://registry.yarnpkg.com/datatables.net-select/-/datatables.net-select-1.4.0.tgz#bd62e785f3413b783dd025ca8e7c5ed2f7fed63d"
  integrity sha512-CWEIpODzKXupZOx5KdPUnX5pDPO0xLrCxezE1MNktolFSz0duMw1w3ae25cEynP+w8wkaXbRfCiyGeBXx1YIvw==
  dependencies:
    datatables.net ">=1.11.3"
    jquery ">=1.7"

datatables.net@>=1.11.3:
  version "1.12.1"
  resolved "https://registry.yarnpkg.com/datatables.net/-/datatables.net-1.12.1.tgz#3e625e49a3341f605b0efb519fae94e37b278f24"
  integrity sha512-e6XAMUoV41JdQPS/r9YRfRcmTPcCVvyZbWI+xog1Zg+kjVliMQbEkvWK5XFItmi64Cvwg+IqsZbTUJ1KSY3umA==
  dependencies:
    jquery ">=1.7"

datatables@^1.10.18:
  version "1.10.18"
  resolved "https://registry.yarnpkg.com/datatables/-/datatables-1.10.18.tgz#fee16e82aa70b17c5faf1a6954ac68f404f33a70"
  integrity sha512-ntatMgS9NN6UMpwbmO+QkYJuKlVeMA2Mi0Gu/QxyIh+dW7ZjLSDhPT2tWlzjpIWEkDYgieDzS9Nu7bdQCW0sbQ==
  dependencies:
    jquery ">=1.7"

font-awesome@~4.7:
  version "4.7.0"
  resolved "https://registry.yarnpkg.com/font-awesome/-/font-awesome-4.7.0.tgz#8fa8cf0411a1a31afd07b06d2902bb9fc815a133"
  integrity sha512-U6kGnykA/6bFmg1M/oT9EkFeIYv7JlX3bozwQJWiiLz6L0w3F5vBVPxHlwyX/vtNq1ckcpRKOB9f2Qal/VtFpg==

fullcalendar@^3.10.0:
  version "3.10.5"
  resolved "https://registry.yarnpkg.com/fullcalendar/-/fullcalendar-3.10.5.tgz#57a3a64d7d744181582bb9e1be32d1846e1db53a"
  integrity sha512-JGWpECKgza/344bbF5QT0hBJpx04DZ/7QGPlR1ZbAwrG6Yz6mWEkQd+NnZUh1sK6HCBIPnPRW2x53aJxeLGvvQ==

"jquery-pwstrength@https://github.com/matoilic/jquery.pwstrength":
  version "0.0.0"
  resolved "https://github.com/matoilic/jquery.pwstrength#d6f07a13eba1479f481d0beceb612f439db406ae"

jquery-sparkline@^2.4.0:
  version "2.4.0"
  resolved "https://registry.yarnpkg.com/jquery-sparkline/-/jquery-sparkline-2.4.0.tgz#1be8b7b704dd3857152708aefb1d4a4b3a69fb33"
  integrity sha512-SzjpMkOwlnqZpH4Ni2UbdRU5GxDl/BljgN8Smlun7CXUDqRhjPf2eolJ37KKcaG0/ufsMKY+XDERfPTV1hIcjg==

jquery-ui-dist@^1.12.1:
  version "1.13.1"
  resolved "https://registry.yarnpkg.com/jquery-ui-dist/-/jquery-ui-dist-1.13.1.tgz#47dcc1bf9cec141221ece59b2c8eaabad846ec0e"
  integrity sha512-Y711Pu4BRVrAlL58KSxX4ail74jaCJZaZcdNDLava+MgZeNwmVWmyYiK7KxyoJu1MB73eSunjJvYDbOuNrOA7w==
  dependencies:
    jquery ">=1.8.0 <4.0.0"

jquery.nicescroll@^3.7.6:
  version "3.7.6"
  resolved "https://registry.yarnpkg.com/jquery.nicescroll/-/jquery.nicescroll-3.7.6.tgz#afeff3e80658dabe4f78d2d2e84250060fea0852"
  integrity sha512-H4XOzQDw/fJIFftYGemNDAr9sz52zr35+JEubsTNGrTAtxQra4qnu6UnOe+avEHVPy8HnyoHgIpvPXedGSCfTw==
  dependencies:
    jquery ">=1.8.3"

jquery@>=1.10, jquery@>=1.7, "jquery@>=1.7.1 <4.0.0", "jquery@>=1.8.0 <4.0.0", jquery@>=1.8.3, jquery@>=2.2, jquery@^3.1.1, jquery@^3.3.1:
  version "3.6.0"
  resolved "https://registry.yarnpkg.com/jquery/-/jquery-3.6.0.tgz#c72a09f15c1bdce142f49dbf1170bdf8adac2470"
  integrity sha512-JVzAR/AjBvVt2BmYhxRCSYysDsPcssdmTFnzyLEts9qNwmjmu4JTAMYubEfwVOSwpQ1I1sKKFcxhZCI2buerfw==

jquery@~1.11.3:
  version "1.11.3"
  resolved "https://registry.yarnpkg.com/jquery/-/jquery-1.11.3.tgz#dd8b74278b27102d29df63eae28308a8cfa1b583"
  integrity sha512-pHM/XLofp0FJc0/0AsRm8q/5ob+a1kno+vfclXGozaMBPv3qD7Xq19loECVcBB4MOLdygnyneQMPTsH5QiVNBQ==

"jquery_upload_preview@https://github.com/opoloo/jquery_upload_preview":
  version "0.0.0"
  resolved "https://github.com/opoloo/jquery_upload_preview#cc17f1d52beb6c718a16e9a3afdff63ec175c398"

"jqvmap@https://github.com/10bestdesign/jqvmap":
  version "1.5.1"
  resolved "https://github.com/10bestdesign/jqvmap#a72d26248c87b6db8ea1d962475a506bdd989134"
  dependencies:
    jquery "~1.11.3"

moment@^2.10.2:
  version "2.29.4"
  resolved "https://registry.yarnpkg.com/moment/-/moment-2.29.4.tgz#3dbe052889fe7c1b2ed966fcb3a77328964ef108"
  integrity sha512-5LC9SOxjSc2HF6vO2CyuTDNivEdoz2IvyJJGj6X8DJ0eFyfszE0QiEd+iXmBvUP3WHxSjFH/vIsA0EN00cgr8w==

moment@^2.9.0:
  version "2.29.3"
  resolved "https://registry.yarnpkg.com/moment/-/moment-2.29.3.tgz#edd47411c322413999f7a5940d526de183c031f3"
  integrity sha512-c6YRvhEo//6T2Jz/vVtYzqBzwvPT95JBQ+smCytzf7c50oMZRsR/a4w88aD34I+/QVSfnoAnSBFPJHItlOMJVw==

popper.js@>=1.10, popper.js@^1.14.7:
  version "1.16.1"
  resolved "https://registry.yarnpkg.com/popper.js/-/popper.js-1.16.1.tgz#2a223cb3dc7b6213d740e40372be40de43e65b1b"
  integrity sha512-Wb4p1J4zyFTbM+u6WuO4XstYx4Ky9Cewe4DWrel7B0w6VVICvPwdOpotjzcf6eD8TsckVnIMNONQyPIUFOUbCQ==

select2@^4.0.6-rc.1:
  version "4.0.13"
  resolved "https://registry.yarnpkg.com/select2/-/select2-4.0.13.tgz#0dbe377df3f96167c4c1626033e924372d8ef44d"
  integrity sha512-1JeB87s6oN/TDxQQYCvS5EFoQyvV6eYMZZ0AeA4tdFDYWN3BAGZ8npr17UBFddU0lgAt3H0yjX3X6/ekOj1yjw==

selectric@^1.13.0:
  version "1.13.0"
  resolved "https://registry.yarnpkg.com/selectric/-/selectric-1.13.0.tgz#7ce8a750078bb6d1c44347216cae5610e2440985"
  integrity sha512-kb1iOLBTvg0EiVieJjXlFj07RTKoom0a3/SedWD1tuQ47N2S9l4gvkhTvGhhhhdh/zCgkbZ44/GiczT8dWfAGA==
  dependencies:
    jquery "^3.1.1"
